{
  "name": "citibike-data",
  "lockfileVersion": 3,
  "requires": true,
  "packages": {
    "": {
      "dependencies": {
        "ascii-progress": "^2.0.0",
        "csv": "^6.3.3",
        "shell-exec": "^1.1.2"
      }
    },
    "node_modules/ansi.js": {
      "version": "1.0.0",
      "resolved": "https://registry.npmjs.org/ansi.js/-/ansi.js-1.0.0.tgz",
      "integrity": "sha512-V2+WEz6o1sM/JzltC6hytfvDbu8o3LNQtOeZJVTc6gIbcXdMJNlnGQRt2o4/2uPIgnoljzyQMcC4EDWbJWHkcQ==",
      "dependencies": {
        "on-new-line": "1.0.0"
      }
    },
    "node_modules/ascii-progress": {
      "version": "2.0.0",
      "resolved": "https://registry.npmjs.org/ascii-progress/-/ascii-progress-2.0.0.tgz",
      "integrity": "sha512-oEAWLC0I35oSUoQ1VMTltr+RScgBO7Gr9XxDM1veUbHG3Il2VMoYeGvn/KTSWk4IzyiDWCyXZrkFeyGqxbCV6A==",
      "dependencies": {
        "ansi.js": "^1.0.0",
        "get-cursor-position": "^2.0.0",
        "on-new-line": "^1.0.0"
      }
    },
    "node_modules/bindings": {
      "version": "1.5.0",
      "resolved": "https://registry.npmjs.org/bindings/-/bindings-1.5.0.tgz",
      "integrity": "sha512-p2q/t/mhvuOj/UeLlV6566GD/guowlr0hHxClI0W9m7MWYkL1F0hLo+0Aexs9HSPCtR1SXQ0TD3MMKrXZajbiQ==",
      "dependencies": {
        "file-uri-to-path": "1.0.0"
      }
    },
    "node_modules/csv": {
      "version": "6.3.3",
      "resolved": "https://registry.npmjs.org/csv/-/csv-6.3.3.tgz",
      "integrity": "sha512-TuOM1iZgdDiB6IuwJA8oqeu7g61d9CU9EQJGzCJ1AE03amPSh/UK5BMjAVx+qZUBb/1XEo133WHzWSwifa6Yqw==",
      "dependencies": {
        "csv-generate": "^4.2.8",
        "csv-parse": "^5.5.0",
        "csv-stringify": "^6.4.2",
        "stream-transform": "^3.2.8"
      },
      "engines": {
        "node": ">= 0.1.90"
      }
    },
    "node_modules/csv-generate": {
      "version": "4.2.8",
      "resolved": "https://registry.npmjs.org/csv-generate/-/csv-generate-4.2.8.tgz",
      "integrity": "sha512-qQ5CUs4I58kfo90EDBKjdp0SpJ3xWnN1Xk1lZ1ITvfvMtNRf+jrEP8tNPeEPiI9xJJ6Bd/km/1hMjyYlTpY42g=="
    },
    "node_modules/csv-parse": {
      "version": "5.5.0",
      "resolved": "https://registry.npmjs.org/csv-parse/-/csv-parse-5.5.0.tgz",
      "integrity": "sha512-RxruSK3M4XgzcD7Trm2wEN+SJ26ChIb903+IWxNOcB5q4jT2Cs+hFr6QP39J05EohshRFEvyzEBoZ/466S2sbw=="
    },
    "node_modules/csv-stringify": {
      "version": "6.4.2",
      "resolved": "https://registry.npmjs.org/csv-stringify/-/csv-stringify-6.4.2.tgz",
      "integrity": "sha512-DXIdnnCUQYjDKTu6TgCSzRDiAuLxDjhl4ErFP9FGMF3wzBGOVMg9bZTLaUcYtuvhXgNbeXPKeaRfpgyqE4xySw=="
    },
    "node_modules/file-uri-to-path": {
      "version": "1.0.0",
      "resolved": "https://registry.npmjs.org/file-uri-to-path/-/file-uri-to-path-1.0.0.tgz",
      "integrity": "sha512-0Zt+s3L7Vf1biwWZ29aARiVYLx7iMGnEUl9x33fbB/j3jR81u/O2LbqK+Bm1CDSNDKVtJ/YjwY7TUd5SkeLQLw=="
    },
    "node_modules/get-cursor-position": {
      "version": "2.0.0",
      "resolved": "https://registry.npmjs.org/get-cursor-position/-/get-cursor-position-2.0.0.tgz",
      "integrity": "sha512-FnshXuoIpJDC5dSuxxRwXUKmOEizwv/dPiDlQ9Uy66CvYqDhqu036Q7RbHIlRA6WuNFU/mvuAMO95b0vM5sEtg==",
      "hasInstallScript": true,
      "dependencies": {
        "bindings": "^1.5.0",
        "node-addon-api": "^5.0.0"
      }
    },
    "node_modules/node-addon-api": {
      "version": "5.1.0",
      "resolved": "https://registry.npmjs.org/node-addon-api/-/node-addon-api-5.1.0.tgz",
      "integrity": "sha512-eh0GgfEkpnoWDq+VY8OyvYhFEzBk6jIYbRKdIlyTiAXIVJ8PyBaKb0rp7oDtoddbdoHWhq8wwr+XZ81F1rpNdA=="
    },
    "node_modules/on-new-line": {
      "version": "1.0.0",
      "resolved": "https://registry.npmjs.org/on-new-line/-/on-new-line-1.0.0.tgz",
      "integrity": "sha512-oFvNnSdoQL0E/jwQHK48m+kO6+eY8hFxSWI1zpvdaj0cEIkgleVW2nVTtCez3H3IyMk9iNBF7JmVdEsyxFWp2A=="
    },
    "node_modules/shell-exec": {
      "version": "1.1.2",
      "resolved": "https://registry.npmjs.org/shell-exec/-/shell-exec-1.1.2.tgz",
      "integrity": "sha512-v2NWVDP0ws+S7miKy2oSpJ/OuL6NKuMosPNUZLDWFBlMnBtuoZxZOwxpQJwhsFZgMb+r7frpDTT8p4OSnhkpsg==",
      "engines": {
        "node": ">=12"
      }
    },
    "node_modules/stream-transform": {
      "version": "3.2.8",
      "resolved": "https://registry.npmjs.org/stream-transform/-/stream-transform-3.2.8.tgz",
      "integrity": "sha512-NUx0mBuI63KbNEEh9Yj0OzKB7iMOSTpkuODM2G7By+TTVihEIJ0cYp5X+pq/TdJRlsznt6CYR8HqxexyC6/bTw=="
    }
  }
}
